
Microsoft Visual Studio Solution File, Format Version 12.00
# Visual Studio Version 17
VisualStudioVersion = 17.9.34701.34
MinimumVisualStudioVersion = 10.0.40219.1
Project("{FAE04EC0-301F-11D3-BF4B-00C04F79EFBC}") = "SubroutinesAndDataStructures", "SubroutinesAndDataStructures\SubroutinesAndDataStructures.csproj", "{0F460C00-77DB-4001-A673-00F636B6C053}"
EndProject
Global
	GlobalSection(SolutionConfigurationPlatforms) = preSolution
		Debug|Any CPU = Debug|Any CPU
		Release|Any CPU = Release|Any CPU
	EndGlobalSection
	GlobalSection(ProjectConfigurationPlatforms) = postSolution
		{0F460C00-77DB-4001-A673-00F636B6C053}.Debug|Any CPU.ActiveCfg = Debug|Any CPU
		{0F460C00-77DB-4001-A673-00F636B6C053}.Debug|Any CPU.Build.0 = Debug|Any CPU
		{0F460C00-77DB-4001-A673-00F636B6C053}.Release|Any CPU.ActiveCfg = Release|Any CPU
		{0F460C00-77DB-4001-A673-00F636B6C053}.Release|Any CPU.Build.0 = Release|Any CPU
	EndGlobalSection
	GlobalSection(SolutionProperties) = preSolution
		HideSolutionNode = FALSE
	EndGlobalSection
	GlobalSection(ExtensibilityGlobals) = postSolution
		SolutionGuid = {7F00DC2D-67FA-4BFA-95DC-9F242B649E1B}
	EndGlobalSection
EndGlobal
